
Microsoft Visual Studio Solution File, Format Version 12.00
# Visual Studio 15
VisualStudioVersion = 15.0.27004.2009
MinimumVisualStudioVersion = 10.0.40219.1
Project("{8BC9CEB8-8B4A-11D0-8D11-00A0C91BC942}") = "RemapTests_demo", "RemapTests_demo.vcxproj", "{1EFEE9C9-C685-4451-861C-CA26D92080BE}"
EndProject
Project("{8BC9CEB8-8B4A-11D0-8D11-00A0C91BC942}") = "HBTK", "..\..\..\HBTK\HBTK.vcxproj", "{0F21DF6F-7069-43C7-8161-42347BDFDF9A}"
EndProject
Global
	GlobalSection(SolutionConfigurationPlatforms) = preSolution
		Debug|x64 = Debug|x64
		Debug|x86 = Debug|x86
		Release|x64 = Release|x64
		Release|x86 = Release|x86
	EndGlobalSection
	GlobalSection(ProjectConfigurationPlatforms) = postSolution
		{1EFEE9C9-C685-4451-861C-CA26D92080BE}.Debug|x64.ActiveCfg = Debug|x64
		{1EFEE9C9-C685-4451-861C-CA26D92080BE}.Debug|x64.Build.0 = Debug|x64
		{1EFEE9C9-C685-4451-861C-CA26D92080BE}.Debug|x86.ActiveCfg = Debug|Win32
		{1EFEE9C9-C685-4451-861C-CA26D92080BE}.Debug|x86.Build.0 = Debug|Win32
		{1EFEE9C9-C685-4451-861C-CA26D92080BE}.Release|x64.ActiveCfg = Release|x64
		{1EFEE9C9-C685-4451-861C-CA26D92080BE}.Release|x64.Build.0 = Release|x64
		{1EFEE9C9-C685-4451-861C-CA26D92080BE}.Release|x86.ActiveCfg = Release|Win32
		{1EFEE9C9-C685-4451-861C-CA26D92080BE}.Release|x86.Build.0 = Release|Win32
		{0F21DF6F-7069-43C7-8161-42347BDFDF9A}.Debug|x64.ActiveCfg = Debug|x64
		{0F21DF6F-7069-43C7-8161-42347BDFDF9A}.Debug|x64.Build.0 = Debug|x64
		{0F21DF6F-7069-43C7-8161-42347BDFDF9A}.Debug|x86.ActiveCfg = Debug|Win32
		{0F21DF6F-7069-43C7-8161-42347BDFDF9A}.Debug|x86.Build.0 = Debug|Win32
		{0F21DF6F-7069-43C7-8161-42347BDFDF9A}.Release|x64.ActiveCfg = Release|x64
		{0F21DF6F-7069-43C7-8161-42347BDFDF9A}.Release|x64.Build.0 = Release|x64
		{0F21DF6F-7069-43C7-8161-42347BDFDF9A}.Release|x86.ActiveCfg = Release|Win32
		{0F21DF6F-7069-43C7-8161-42347BDFDF9A}.Release|x86.Build.0 = Release|Win32
	EndGlobalSection
	GlobalSection(SolutionProperties) = preSolution
		HideSolutionNode = FALSE
	EndGlobalSection
	GlobalSection(ExtensibilityGlobals) = postSolution
		SolutionGuid = {43D9456D-8B17-4A48-99C2-F8CA9AF02BBE}
	EndGlobalSection
EndGlobal
