
Microsoft Visual Studio Solution File, Format Version 12.00
# Visual Studio 15
VisualStudioVersion = 15.0.27004.2002
MinimumVisualStudioVersion = 10.0.40219.1
Project("{8BC9CEB8-8B4A-11D0-8D11-00A0C91BC942}") = "GmshParser_demo", "GmshParser_demo\GmshParser_demo.vcxproj", "{D9AF75F1-98E4-4810-B754-786A9AA13F4D}"
EndProject
Project("{8BC9CEB8-8B4A-11D0-8D11-00A0C91BC942}") = "HBTK", "..\..\HBTK\HBTK.vcxproj", "{0F21DF6F-7069-43C7-8161-42347BDFDF9A}"
EndProject
Global
	GlobalSection(SolutionConfigurationPlatforms) = preSolution
		Debug|x64 = Debug|x64
		Debug|x86 = Debug|x86
		Release|x64 = Release|x64
		Release|x86 = Release|x86
	EndGlobalSection
	GlobalSection(ProjectConfigurationPlatforms) = postSolution
		{D9AF75F1-98E4-4810-B754-786A9AA13F4D}.Debug|x64.ActiveCfg = Debug|x64
		{D9AF75F1-98E4-4810-B754-786A9AA13F4D}.Debug|x64.Build.0 = Debug|x64
		{D9AF75F1-98E4-4810-B754-786A9AA13F4D}.Debug|x86.ActiveCfg = Debug|Win32
		{D9AF75F1-98E4-4810-B754-786A9AA13F4D}.Debug|x86.Build.0 = Debug|Win32
		{D9AF75F1-98E4-4810-B754-786A9AA13F4D}.Release|x64.ActiveCfg = Release|x64
		{D9AF75F1-98E4-4810-B754-786A9AA13F4D}.Release|x64.Build.0 = Release|x64
		{D9AF75F1-98E4-4810-B754-786A9AA13F4D}.Release|x86.ActiveCfg = Release|Win32
		{D9AF75F1-98E4-4810-B754-786A9AA13F4D}.Release|x86.Build.0 = Release|Win32
		{0F21DF6F-7069-43C7-8161-42347BDFDF9A}.Debug|x64.ActiveCfg = Debug|x64
		{0F21DF6F-7069-43C7-8161-42347BDFDF9A}.Debug|x64.Build.0 = Debug|x64
		{0F21DF6F-7069-43C7-8161-42347BDFDF9A}.Debug|x86.ActiveCfg = Debug|Win32
		{0F21DF6F-7069-43C7-8161-42347BDFDF9A}.Debug|x86.Build.0 = Debug|Win32
		{0F21DF6F-7069-43C7-8161-42347BDFDF9A}.Release|x64.ActiveCfg = Release|x64
		{0F21DF6F-7069-43C7-8161-42347BDFDF9A}.Release|x64.Build.0 = Release|x64
		{0F21DF6F-7069-43C7-8161-42347BDFDF9A}.Release|x86.ActiveCfg = Release|Win32
		{0F21DF6F-7069-43C7-8161-42347BDFDF9A}.Release|x86.Build.0 = Release|Win32
	EndGlobalSection
	GlobalSection(SolutionProperties) = preSolution
		HideSolutionNode = FALSE
	EndGlobalSection
	GlobalSection(ExtensibilityGlobals) = postSolution
		SolutionGuid = {5C349B3C-8E7E-4630-8ED3-E69EA64EB387}
	EndGlobalSection
EndGlobal
